
Microsoft Visual Studio Solution File, Format Version 12.00
# Visual Studio Version 17
VisualStudioVersion = 17.10.35122.118
MinimumVisualStudioVersion = 10.0.40219.1
Project("{FAE04EC0-301F-11D3-BF4B-00C04F79EFBC}") = "DemoDatabaseFromScratch", "DemoDatabaseFromScratch\DemoDatabaseFromScratch.csproj", "{B73A11F0-9773-4ED4-83AA-FB47E9F06011}"
EndProject
Global
	GlobalSection(SolutionConfigurationPlatforms) = preSolution
		Debug|Any CPU = Debug|Any CPU
		Release|Any CPU = Release|Any CPU
	EndGlobalSection
	GlobalSection(ProjectConfigurationPlatforms) = postSolution
		{B73A11F0-9773-4ED4-83AA-FB47E9F06011}.Debug|Any CPU.ActiveCfg = Debug|Any CPU
		{B73A11F0-9773-4ED4-83AA-FB47E9F06011}.Debug|Any CPU.Build.0 = Debug|Any CPU
		{B73A11F0-9773-4ED4-83AA-FB47E9F06011}.Release|Any CPU.ActiveCfg = Release|Any CPU
		{B73A11F0-9773-4ED4-83AA-FB47E9F06011}.Release|Any CPU.Build.0 = Release|Any CPU
	EndGlobalSection
	GlobalSection(SolutionProperties) = preSolution
		HideSolutionNode = FALSE
	EndGlobalSection
	GlobalSection(ExtensibilityGlobals) = postSolution
		SolutionGuid = {8A9BB23B-1863-427E-9050-B6D4EB71F982}
	EndGlobalSection
EndGlobal
