
Microsoft Visual Studio Solution File, Format Version 12.00
# Visual Studio Version 17
VisualStudioVersion = 17.10.35122.118
MinimumVisualStudioVersion = 10.0.40219.1
Project("{2150E333-8FDC-42A3-9474-1A3956D46DE8}") = "part1", "part1", "{1C4FC8E3-87FE-4C49-A92D-FBCCDEB4D4D9}"
EndProject
Project("{2150E333-8FDC-42A3-9474-1A3956D46DE8}") = "part2", "part2", "{2692EF91-3569-4B76-9050-841C7B8118A7}"
EndProject
Project("{9A19103F-16F7-4668-BE54-9A1E7A4F7556}") = "2-Introduction", "part1\2-Introduction\2-Introduction.csproj", "{23E909AA-5300-4BAF-8D9B-F6256B9CFBC4}"
EndProject
Project("{9A19103F-16F7-4668-BE54-9A1E7A4F7556}") = "3-ObjectOrientedConcept", "part1\3-ObjectOrientedConcept\3-ObjectOrientedConcept.csproj", "{7A277DB3-28A2-4582-AA55-C574B9B1BC7B}"
EndProject
Project("{9A19103F-16F7-4668-BE54-9A1E7A4F7556}") = "4-InheritanceAndPolymorphism", "part1\4-InheritanceAndPolymorphism\4-InheritanceAndPolymorphism.csproj", "{18107F91-B157-4A0D-888E-95532875444F}"
EndProject
Project("{9A19103F-16F7-4668-BE54-9A1E7A4F7556}") = "5-AsyncAwait", "part1\5-AsyncAwait\5-AsyncAwait.csproj", "{F660AA5D-C2D9-4EE5-BEE0-6F4715689C98}"
EndProject
Project("{9A19103F-16F7-4668-BE54-9A1E7A4F7556}") = "6-ConcurrentAndParallel", "part1\6-ConcurrentAndParallel\6-ConcurrentAndParallel.csproj", "{F2347854-5986-422C-966A-7E21C8EAB93A}"
EndProject
Project("{9A19103F-16F7-4668-BE54-9A1E7A4F7556}") = "7-AsyncWithoutAwait", "part1\7-AsyncWithoutAwait\7-AsyncWithoutAwait.csproj", "{A5CABFDE-AFB3-4F52-949F-64858063B74F}"
EndProject
Project("{9A19103F-16F7-4668-BE54-9A1E7A4F7556}") = "8-ParallelWithAsync", "part1\8-ParallelWithAsync\8-ParallelWithAsync.csproj", "{3BA1D7C9-ED42-4A0F-869E-F1BB52392BF2}"
EndProject
Project("{9A19103F-16F7-4668-BE54-9A1E7A4F7556}") = "1-Basic", "part2\1-Basic\1-Basic.csproj", "{4848A026-5102-4F75-B192-8C5496AB9A53}"
EndProject
Project("{9A19103F-16F7-4668-BE54-9A1E7A4F7556}") = "2-SimpleCRUDTodoList", "part2\2-SimpleCRUDTodoList\2-SimpleCRUDTodoList.csproj", "{E14EE0F1-A4FE-484B-B3AF-E5E34A4B8774}"
EndProject
Project("{9A19103F-16F7-4668-BE54-9A1E7A4F7556}") = "3-TodoListWithLocalDb", "part2\3-TodoListWithLocalDb\3-TodoListWithLocalDb.csproj", "{3EF00F7D-EDC4-4DA1-8C37-A828B64EAF7A}"
EndProject
Project("{9A19103F-16F7-4668-BE54-9A1E7A4F7556}") = "4-DemoDatabaseFromScratch", "part2\4-DemoDatabaseFromScratch\DemoDatabaseFromScratch\DemoDatabaseFromScratch\4-DemoDatabaseFromScratch.csproj", "{07439E15-9D32-4464-82C9-FCDA7738EFA2}"
EndProject
Project("{9A19103F-16F7-4668-BE54-9A1E7A4F7556}") = "5-DemoSecureWebApp", "part2\5-DemoSecureWebApp\DemoSecureWebApp\DemoSecureWebApp\5-DemoSecureWebApp.csproj", "{B2D969AC-0784-4AC8-82AA-87AFA6CB6982}"
EndProject
Project("{9A19103F-16F7-4668-BE54-9A1E7A4F7556}") = "6-CustomAuthenticationAndAuthorization", "part2\6-CustomAuthenticationAndAuthorization\6-CustomAuthenticationAndAuthorization.csproj", "{F9491717-07B0-4FA2-90BB-9C6B3C61E444}"
EndProject
Global
	GlobalSection(SolutionConfigurationPlatforms) = preSolution
		Debug|Any CPU = Debug|Any CPU
		Release|Any CPU = Release|Any CPU
	EndGlobalSection
	GlobalSection(ProjectConfigurationPlatforms) = postSolution
		{23E909AA-5300-4BAF-8D9B-F6256B9CFBC4}.Debug|Any CPU.ActiveCfg = Debug|Any CPU
		{23E909AA-5300-4BAF-8D9B-F6256B9CFBC4}.Debug|Any CPU.Build.0 = Debug|Any CPU
		{23E909AA-5300-4BAF-8D9B-F6256B9CFBC4}.Release|Any CPU.ActiveCfg = Release|Any CPU
		{23E909AA-5300-4BAF-8D9B-F6256B9CFBC4}.Release|Any CPU.Build.0 = Release|Any CPU
		{7A277DB3-28A2-4582-AA55-C574B9B1BC7B}.Debug|Any CPU.ActiveCfg = Debug|Any CPU
		{7A277DB3-28A2-4582-AA55-C574B9B1BC7B}.Debug|Any CPU.Build.0 = Debug|Any CPU
		{7A277DB3-28A2-4582-AA55-C574B9B1BC7B}.Release|Any CPU.ActiveCfg = Release|Any CPU
		{7A277DB3-28A2-4582-AA55-C574B9B1BC7B}.Release|Any CPU.Build.0 = Release|Any CPU
		{18107F91-B157-4A0D-888E-95532875444F}.Debug|Any CPU.ActiveCfg = Debug|Any CPU
		{18107F91-B157-4A0D-888E-95532875444F}.Debug|Any CPU.Build.0 = Debug|Any CPU
		{18107F91-B157-4A0D-888E-95532875444F}.Release|Any CPU.ActiveCfg = Release|Any CPU
		{18107F91-B157-4A0D-888E-95532875444F}.Release|Any CPU.Build.0 = Release|Any CPU
		{F660AA5D-C2D9-4EE5-BEE0-6F4715689C98}.Debug|Any CPU.ActiveCfg = Debug|Any CPU
		{F660AA5D-C2D9-4EE5-BEE0-6F4715689C98}.Debug|Any CPU.Build.0 = Debug|Any CPU
		{F660AA5D-C2D9-4EE5-BEE0-6F4715689C98}.Release|Any CPU.ActiveCfg = Release|Any CPU
		{F660AA5D-C2D9-4EE5-BEE0-6F4715689C98}.Release|Any CPU.Build.0 = Release|Any CPU
		{F2347854-5986-422C-966A-7E21C8EAB93A}.Debug|Any CPU.ActiveCfg = Debug|Any CPU
		{F2347854-5986-422C-966A-7E21C8EAB93A}.Debug|Any CPU.Build.0 = Debug|Any CPU
		{F2347854-5986-422C-966A-7E21C8EAB93A}.Release|Any CPU.ActiveCfg = Release|Any CPU
		{F2347854-5986-422C-966A-7E21C8EAB93A}.Release|Any CPU.Build.0 = Release|Any CPU
		{A5CABFDE-AFB3-4F52-949F-64858063B74F}.Debug|Any CPU.ActiveCfg = Debug|Any CPU
		{A5CABFDE-AFB3-4F52-949F-64858063B74F}.Debug|Any CPU.Build.0 = Debug|Any CPU
		{A5CABFDE-AFB3-4F52-949F-64858063B74F}.Release|Any CPU.ActiveCfg = Release|Any CPU
		{A5CABFDE-AFB3-4F52-949F-64858063B74F}.Release|Any CPU.Build.0 = Release|Any CPU
		{3BA1D7C9-ED42-4A0F-869E-F1BB52392BF2}.Debug|Any CPU.ActiveCfg = Debug|Any CPU
		{3BA1D7C9-ED42-4A0F-869E-F1BB52392BF2}.Debug|Any CPU.Build.0 = Debug|Any CPU
		{3BA1D7C9-ED42-4A0F-869E-F1BB52392BF2}.Release|Any CPU.ActiveCfg = Release|Any CPU
		{3BA1D7C9-ED42-4A0F-869E-F1BB52392BF2}.Release|Any CPU.Build.0 = Release|Any CPU
		{4848A026-5102-4F75-B192-8C5496AB9A53}.Debug|Any CPU.ActiveCfg = Debug|Any CPU
		{4848A026-5102-4F75-B192-8C5496AB9A53}.Debug|Any CPU.Build.0 = Debug|Any CPU
		{4848A026-5102-4F75-B192-8C5496AB9A53}.Release|Any CPU.ActiveCfg = Release|Any CPU
		{4848A026-5102-4F75-B192-8C5496AB9A53}.Release|Any CPU.Build.0 = Release|Any CPU
		{E14EE0F1-A4FE-484B-B3AF-E5E34A4B8774}.Debug|Any CPU.ActiveCfg = Debug|Any CPU
		{E14EE0F1-A4FE-484B-B3AF-E5E34A4B8774}.Debug|Any CPU.Build.0 = Debug|Any CPU
		{E14EE0F1-A4FE-484B-B3AF-E5E34A4B8774}.Release|Any CPU.ActiveCfg = Release|Any CPU
		{E14EE0F1-A4FE-484B-B3AF-E5E34A4B8774}.Release|Any CPU.Build.0 = Release|Any CPU
		{3EF00F7D-EDC4-4DA1-8C37-A828B64EAF7A}.Debug|Any CPU.ActiveCfg = Debug|Any CPU
		{3EF00F7D-EDC4-4DA1-8C37-A828B64EAF7A}.Debug|Any CPU.Build.0 = Debug|Any CPU
		{3EF00F7D-EDC4-4DA1-8C37-A828B64EAF7A}.Release|Any CPU.ActiveCfg = Release|Any CPU
		{3EF00F7D-EDC4-4DA1-8C37-A828B64EAF7A}.Release|Any CPU.Build.0 = Release|Any CPU
		{07439E15-9D32-4464-82C9-FCDA7738EFA2}.Debug|Any CPU.ActiveCfg = Debug|Any CPU
		{07439E15-9D32-4464-82C9-FCDA7738EFA2}.Debug|Any CPU.Build.0 = Debug|Any CPU
		{07439E15-9D32-4464-82C9-FCDA7738EFA2}.Release|Any CPU.ActiveCfg = Release|Any CPU
		{07439E15-9D32-4464-82C9-FCDA7738EFA2}.Release|Any CPU.Build.0 = Release|Any CPU
		{B2D969AC-0784-4AC8-82AA-87AFA6CB6982}.Debug|Any CPU.ActiveCfg = Debug|Any CPU
		{B2D969AC-0784-4AC8-82AA-87AFA6CB6982}.Debug|Any CPU.Build.0 = Debug|Any CPU
		{B2D969AC-0784-4AC8-82AA-87AFA6CB6982}.Release|Any CPU.ActiveCfg = Release|Any CPU
		{B2D969AC-0784-4AC8-82AA-87AFA6CB6982}.Release|Any CPU.Build.0 = Release|Any CPU
		{F9491717-07B0-4FA2-90BB-9C6B3C61E444}.Debug|Any CPU.ActiveCfg = Debug|Any CPU
		{F9491717-07B0-4FA2-90BB-9C6B3C61E444}.Debug|Any CPU.Build.0 = Debug|Any CPU
		{F9491717-07B0-4FA2-90BB-9C6B3C61E444}.Release|Any CPU.ActiveCfg = Release|Any CPU
		{F9491717-07B0-4FA2-90BB-9C6B3C61E444}.Release|Any CPU.Build.0 = Release|Any CPU
	EndGlobalSection
	GlobalSection(SolutionProperties) = preSolution
		HideSolutionNode = FALSE
	EndGlobalSection
	GlobalSection(NestedProjects) = preSolution
		{23E909AA-5300-4BAF-8D9B-F6256B9CFBC4} = {1C4FC8E3-87FE-4C49-A92D-FBCCDEB4D4D9}
		{7A277DB3-28A2-4582-AA55-C574B9B1BC7B} = {1C4FC8E3-87FE-4C49-A92D-FBCCDEB4D4D9}
		{18107F91-B157-4A0D-888E-95532875444F} = {1C4FC8E3-87FE-4C49-A92D-FBCCDEB4D4D9}
		{F660AA5D-C2D9-4EE5-BEE0-6F4715689C98} = {1C4FC8E3-87FE-4C49-A92D-FBCCDEB4D4D9}
		{F2347854-5986-422C-966A-7E21C8EAB93A} = {1C4FC8E3-87FE-4C49-A92D-FBCCDEB4D4D9}
		{A5CABFDE-AFB3-4F52-949F-64858063B74F} = {1C4FC8E3-87FE-4C49-A92D-FBCCDEB4D4D9}
		{3BA1D7C9-ED42-4A0F-869E-F1BB52392BF2} = {1C4FC8E3-87FE-4C49-A92D-FBCCDEB4D4D9}
		{4848A026-5102-4F75-B192-8C5496AB9A53} = {2692EF91-3569-4B76-9050-841C7B8118A7}
		{E14EE0F1-A4FE-484B-B3AF-E5E34A4B8774} = {2692EF91-3569-4B76-9050-841C7B8118A7}
		{3EF00F7D-EDC4-4DA1-8C37-A828B64EAF7A} = {2692EF91-3569-4B76-9050-841C7B8118A7}
		{07439E15-9D32-4464-82C9-FCDA7738EFA2} = {2692EF91-3569-4B76-9050-841C7B8118A7}
		{B2D969AC-0784-4AC8-82AA-87AFA6CB6982} = {2692EF91-3569-4B76-9050-841C7B8118A7}
		{F9491717-07B0-4FA2-90BB-9C6B3C61E444} = {2692EF91-3569-4B76-9050-841C7B8118A7}
	EndGlobalSection
	GlobalSection(ExtensibilityGlobals) = postSolution
		SolutionGuid = {E5B971CD-8887-421D-BE20-A183B832007F}
	EndGlobalSection
EndGlobal
